
Microsoft Visual Studio Solution File, Format Version 12.00
# Visual Studio Version 17
VisualStudioVersion = 17.14.36221.1 d17.14
MinimumVisualStudioVersion = 10.0.40219.1
Project("{FAE04EC0-301F-11D3-BF4B-00C04F79EFBC}") = "ConvertHeicMCP", "ConvertHeicMCP.csproj", "{2A025CA4-BFE5-457B-85E4-6629A27E04F9}"
EndProject
Global
	GlobalSection(SolutionConfigurationPlatforms) = preSolution
		Debug|Any CPU = Debug|Any CPU
		Release|Any CPU = Release|Any CPU
	EndGlobalSection
	GlobalSection(ProjectConfigurationPlatforms) = postSolution
		{2A025CA4-BFE5-457B-85E4-6629A27E04F9}.Debug|Any CPU.ActiveCfg = Debug|Any CPU
		{2A025CA4-BFE5-457B-85E4-6629A27E04F9}.Debug|Any CPU.Build.0 = Debug|Any CPU
		{2A025CA4-BFE5-457B-85E4-6629A27E04F9}.Release|Any CPU.ActiveCfg = Release|Any CPU
		{2A025CA4-BFE5-457B-85E4-6629A27E04F9}.Release|Any CPU.Build.0 = Release|Any CPU
	EndGlobalSection
	GlobalSection(SolutionProperties) = preSolution
		HideSolutionNode = FALSE
	EndGlobalSection
	GlobalSection(ExtensibilityGlobals) = postSolution
		SolutionGuid = {BF3748C8-23F5-4375-9ABD-BF0930769AE1}
	EndGlobalSection
EndGlobal
