
Microsoft Visual Studio Solution File, Format Version 12.00
# Visual Studio Version 17
VisualStudioVersion = 17.11.35017.193
MinimumVisualStudioVersion = 10.0.40219.1
Project("{9A19103F-16F7-4668-BE54-9A1E7A4F7556}") = "local-rag-sk", "local-rag-sk.csproj", "{82FB29F7-73D9-4686-88D3-76ECE6CCE46C}"
EndProject
Global
	GlobalSection(SolutionConfigurationPlatforms) = preSolution
		Debug_Cuda|Any CPU = Debug_Cuda|Any CPU
		Debug_DirectML|Any CPU = Debug_DirectML|Any CPU
		Debug|Any CPU = Debug|Any CPU
		Publish|Any CPU = Publish|Any CPU
		Release_Cuda|Any CPU = Release_Cuda|Any CPU
		Release_DirectML|Any CPU = Release_DirectML|Any CPU
		Release|Any CPU = Release|Any CPU
	EndGlobalSection
	GlobalSection(ProjectConfigurationPlatforms) = postSolution
		{82FB29F7-73D9-4686-88D3-76ECE6CCE46C}.Debug_Cuda|Any CPU.ActiveCfg = Debug|Any CPU
		{82FB29F7-73D9-4686-88D3-76ECE6CCE46C}.Debug_Cuda|Any CPU.Build.0 = Debug|Any CPU
		{82FB29F7-73D9-4686-88D3-76ECE6CCE46C}.Debug_DirectML|Any CPU.ActiveCfg = Debug|Any CPU
		{82FB29F7-73D9-4686-88D3-76ECE6CCE46C}.Debug_DirectML|Any CPU.Build.0 = Debug|Any CPU
		{82FB29F7-73D9-4686-88D3-76ECE6CCE46C}.Debug|Any CPU.ActiveCfg = Debug|Any CPU
		{82FB29F7-73D9-4686-88D3-76ECE6CCE46C}.Debug|Any CPU.Build.0 = Debug|Any CPU
		{82FB29F7-73D9-4686-88D3-76ECE6CCE46C}.Publish|Any CPU.ActiveCfg = Release|Any CPU
		{82FB29F7-73D9-4686-88D3-76ECE6CCE46C}.Publish|Any CPU.Build.0 = Release|Any CPU
		{82FB29F7-73D9-4686-88D3-76ECE6CCE46C}.Release_Cuda|Any CPU.ActiveCfg = Release|Any CPU
		{82FB29F7-73D9-4686-88D3-76ECE6CCE46C}.Release_Cuda|Any CPU.Build.0 = Release|Any CPU
		{82FB29F7-73D9-4686-88D3-76ECE6CCE46C}.Release_DirectML|Any CPU.ActiveCfg = Release|Any CPU
		{82FB29F7-73D9-4686-88D3-76ECE6CCE46C}.Release_DirectML|Any CPU.Build.0 = Release|Any CPU
		{82FB29F7-73D9-4686-88D3-76ECE6CCE46C}.Release|Any CPU.ActiveCfg = Release|Any CPU
		{82FB29F7-73D9-4686-88D3-76ECE6CCE46C}.Release|Any CPU.Build.0 = Release|Any CPU
	EndGlobalSection
	GlobalSection(SolutionProperties) = preSolution
		HideSolutionNode = FALSE
	EndGlobalSection
	GlobalSection(ExtensibilityGlobals) = postSolution
		SolutionGuid = {B473F2A9-E8CB-4638-8823-DA51116AC3C0}
	EndGlobalSection
EndGlobal
